
Microsoft Visual Studio Solution File, Format Version 12.00
# Visual Studio Version 16
VisualStudioVersion = 16.0.29311.281
MinimumVisualStudioVersion = 10.0.40219.1
Project("{9A19103F-16F7-4668-BE54-9A1E7A4F7556}") = "SharedLibrary", "SharedLibrary.csproj", "{1BD5A4F2-A934-44E4-B9B1-200330A37869}"
EndProject
Global
	GlobalSection(SolutionConfigurationPlatforms) = preSolution
		Debug|Any CPU = Debug|Any CPU
		Release|Any CPU = Release|Any CPU
	EndGlobalSection
	GlobalSection(ProjectConfigurationPlatforms) = postSolution
		{1BD5A4F2-A934-44E4-B9B1-200330A37869}.Debug|Any CPU.ActiveCfg = Debug|Any CPU
		{1BD5A4F2-A934-44E4-B9B1-200330A37869}.Debug|Any CPU.Build.0 = Debug|Any CPU
		{1BD5A4F2-A934-44E4-B9B1-200330A37869}.Release|Any CPU.ActiveCfg = Release|Any CPU
		{1BD5A4F2-A934-44E4-B9B1-200330A37869}.Release|Any CPU.Build.0 = Release|Any CPU
	EndGlobalSection
	GlobalSection(SolutionProperties) = preSolution
		HideSolutionNode = FALSE
	EndGlobalSection
	GlobalSection(ExtensibilityGlobals) = postSolution
		SolutionGuid = {185914BD-9C4B-4182-BF5C-A451E3EFC0D4}
	EndGlobalSection
EndGlobal
